{
  "nodes": {
    "chobble-template": {
      "inputs": {
        "nixpkgs": [
          "nixpkgs"
        ]
      },
      "locked": {
        "lastModified": 1743900318,
        "narHash": "sha256-fWlK2T2AH/ruNQPjX7o1/FUCa+y5xwPciU7Q6+1c8g4=",
        "ref": "refs/heads/main",
        "rev": "5bf3722cf65e1ffa7180747a7baf9c6c306e7f4f",
        "revCount": 139,
        "type": "git",
        "url": "https://git.chobble.com/chobble/chobble-template.git"
      },
      "original": {
        "type": "git",
        "url": "https://git.chobble.com/chobble/chobble-template.git"
      }
    },
    "nixpkgs": {
      "locked": {
        "lastModified": 0,
        "narHash": "sha256-s1KLDALEeqy+ttrvqV3jx9mBZEvmthQErTVOAzbjHZs=",
        "path": "/nix/store/hvs4if4zly4mp0fhbh86vh208x6fs8fg-source",
        "type": "path"
      },
      "original": {
        "id": "nixpkgs",
        "type": "indirect"
      }
    },
    "root": {
      "inputs": {
        "chobble-template": "chobble-template",
        "nixpkgs": "nixpkgs"
      }
    }
  },
  "root": "root",
  "version": 7
}
