{
  "nodes": {
    "chobble-template": {
      "inputs": {
        "nixpkgs": [
          "nixpkgs"
        ]
      },
      "locked": {
        "lastModified": 1744036002,
        "narHash": "sha256-EVoHQgyPusDWARJYDGN157r7PFHsBHiNY3fJSjS6fko=",
        "ref": "refs/heads/main",
        "rev": "f46a100eb45ea6058bc42543f9963d482e032854",
        "revCount": 152,
        "type": "git",
        "url": "https://git.chobble.com/chobble/chobble-template.git"
      },
      "original": {
        "type": "git",
        "url": "https://git.chobble.com/chobble/chobble-template.git"
      }
    },
    "nixpkgs": {
      "locked": {
        "lastModified": 0,
        "narHash": "sha256-BgkBz4NpV6Kg8XF7cmHDHRVGZYnKbvG0Y4p+jElwxaM=",
        "path": "/nix/store/v79jbgwmxgiy8m01rhmj4yzn5y507z2c-source",
        "type": "path"
      },
      "original": {
        "id": "nixpkgs",
        "type": "indirect"
      }
    },
    "root": {
      "inputs": {
        "chobble-template": "chobble-template",
        "nixpkgs": "nixpkgs"
      }
    }
  },
  "root": "root",
  "version": 7
}
